# This file is automatically @generated by Poetry 2.0.1 and should not be changed by hand.

[[package]]
name = "nats-py"
version = "2.9.0"
description = "NATS client for Python"
optional = false
python-versions = ">=3.7"
groups = ["main"]
files = [
    {file = "nats_py-2.9.0.tar.gz", hash = "sha256:01886eb9e0a87f0ec630652cf1fae65d2a8556378a609bc6cc07d2ea60c8d0dd"},
]

[package.extras]
aiohttp = ["aiohttp"]
fast-parse = ["fast-mail-parser"]
nkeys = ["nkeys"]

[metadata]
lock-version = "2.1"
python-versions = ">=3.9"
content-hash = "c097c53dcb7b0b2bc62a1dcbfc1dfa4ff685bfbaa49c7d3a3dfc851a2250e8be"
