# This file is automatically @generated by Poetry 2.0.1 and should not be changed by hand.

[[package]]
name = "nats-py"
version = "2.9.0"
description = "NATS client for Python"
optional = false
python-versions = ">=3.7"
groups = ["main"]
files = [
    {file = "nats_py-2.9.0.tar.gz", hash = "sha256:01886eb9e0a87f0ec630652cf1fae65d2a8556378a609bc6cc07d2ea60c8d0dd"},
]

[package.extras]
aiohttp = ["aiohttp"]
fast-parse = ["fast-mail-parser"]
nkeys = ["nkeys"]

[metadata]
lock-version = "2.1"
python-versions = ">=3.12"
content-hash = "c18e98015616c156e013d6b92f00c093f2beacf8037659aa83e45a01a4766013"
